
Microsoft Visual Studio Solution File, Format Version 12.00
# Visual Studio 15
VisualStudioVersion = 15.0.28010.2041
MinimumVisualStudioVersion = 10.0.40219.1
Project("{FAE04EC0-301F-11D3-BF4B-00C04F79EFBC}") = "翻翻牌最完整第二版", "翻翻牌最完整第二版\翻翻牌最完整第二版.csproj", "{F1F84F8C-ED93-4D68-8BB2-AB3C67DEB59D}"
EndProject
Global
	GlobalSection(SolutionConfigurationPlatforms) = preSolution
		Debug|Any CPU = Debug|Any CPU
		Release|Any CPU = Release|Any CPU
	EndGlobalSection
	GlobalSection(ProjectConfigurationPlatforms) = postSolution
		{F1F84F8C-ED93-4D68-8BB2-AB3C67DEB59D}.Debug|Any CPU.ActiveCfg = Debug|Any CPU
		{F1F84F8C-ED93-4D68-8BB2-AB3C67DEB59D}.Debug|Any CPU.Build.0 = Debug|Any CPU
		{F1F84F8C-ED93-4D68-8BB2-AB3C67DEB59D}.Release|Any CPU.ActiveCfg = Release|Any CPU
		{F1F84F8C-ED93-4D68-8BB2-AB3C67DEB59D}.Release|Any CPU.Build.0 = Release|Any CPU
	EndGlobalSection
	GlobalSection(SolutionProperties) = preSolution
		HideSolutionNode = FALSE
	EndGlobalSection
	GlobalSection(ExtensibilityGlobals) = postSolution
		SolutionGuid = {7BB7291D-DC56-4F4C-A9AA-966052023B1F}
	EndGlobalSection
EndGlobal
